
Microsoft Visual Studio Solution File, Format Version 12.00
# Visual Studio Express 2013 for Windows
VisualStudioVersion = 12.0.30501.0
MinimumVisualStudioVersion = 10.0.40219.1
Project("{2150E333-8FDC-42A3-9474-1A3956D46DE8}") = "Module03_ConclusionLab01", "Module03_ConclusionLab01", "{F531A4B9-69C9-49AB-A5D1-854799413742}"
EndProject
Project("{D954291E-2A0B-460D-934E-DC6B0785DB48}") = "Module03_ConclusionLab01.Shared", "Module03_ConclusionLab01\Module03_ConclusionLab01.Shared\Module03_ConclusionLab01.Shared.shproj", "{1BC2D92B-3D61-41A6-8685-AFDC8D15CEC1}"
EndProject
Project("{FAE04EC0-301F-11D3-BF4B-00C04F79EFBC}") = "Module03_ConclusionLab01.Windows", "Module03_ConclusionLab01\Module03_ConclusionLab01.Windows\Module03_ConclusionLab01.Windows.csproj", "{2DAD30DD-72B7-4CA3-B17C-6BED8A45019B}"
EndProject
Project("{FAE04EC0-301F-11D3-BF4B-00C04F79EFBC}") = "Module03_ConclusionLab01.WindowsPhone", "Module03_ConclusionLab01\Module03_ConclusionLab01.WindowsPhone\Module03_ConclusionLab01.WindowsPhone.csproj", "{B62779D0-352F-4380-BE9D-BE016A3917FA}"
EndProject
Global
	GlobalSection(SharedMSBuildProjectFiles) = preSolution
		Module03_ConclusionLab01\Module03_ConclusionLab01.Shared\Module03_ConclusionLab01.Shared.projitems*{1bc2d92b-3d61-41a6-8685-afdc8d15cec1}*SharedItemsImports = 13
		Module03_ConclusionLab01\Module03_ConclusionLab01.Shared\Module03_ConclusionLab01.Shared.projitems*{2dad30dd-72b7-4ca3-b17c-6bed8a45019b}*SharedItemsImports = 4
		Module03_ConclusionLab01\Module03_ConclusionLab01.Shared\Module03_ConclusionLab01.Shared.projitems*{b62779d0-352f-4380-be9d-be016a3917fa}*SharedItemsImports = 4
	EndGlobalSection
	GlobalSection(SolutionConfigurationPlatforms) = preSolution
		Debug|Any CPU = Debug|Any CPU
		Debug|ARM = Debug|ARM
		Debug|x64 = Debug|x64
		Debug|x86 = Debug|x86
		Release|Any CPU = Release|Any CPU
		Release|ARM = Release|ARM
		Release|x64 = Release|x64
		Release|x86 = Release|x86
	EndGlobalSection
	GlobalSection(ProjectConfigurationPlatforms) = postSolution
		{2DAD30DD-72B7-4CA3-B17C-6BED8A45019B}.Debug|Any CPU.ActiveCfg = Debug|Any CPU
		{2DAD30DD-72B7-4CA3-B17C-6BED8A45019B}.Debug|Any CPU.Build.0 = Debug|Any CPU
		{2DAD30DD-72B7-4CA3-B17C-6BED8A45019B}.Debug|Any CPU.Deploy.0 = Debug|Any CPU
		{2DAD30DD-72B7-4CA3-B17C-6BED8A45019B}.Debug|ARM.ActiveCfg = Debug|ARM
		{2DAD30DD-72B7-4CA3-B17C-6BED8A45019B}.Debug|ARM.Build.0 = Debug|ARM
		{2DAD30DD-72B7-4CA3-B17C-6BED8A45019B}.Debug|ARM.Deploy.0 = Debug|ARM
		{2DAD30DD-72B7-4CA3-B17C-6BED8A45019B}.Debug|x64.ActiveCfg = Debug|x64
		{2DAD30DD-72B7-4CA3-B17C-6BED8A45019B}.Debug|x64.Build.0 = Debug|x64
		{2DAD30DD-72B7-4CA3-B17C-6BED8A45019B}.Debug|x64.Deploy.0 = Debug|x64
		{2DAD30DD-72B7-4CA3-B17C-6BED8A45019B}.Debug|x86.ActiveCfg = Debug|x86
		{2DAD30DD-72B7-4CA3-B17C-6BED8A45019B}.Debug|x86.Build.0 = Debug|x86
		{2DAD30DD-72B7-4CA3-B17C-6BED8A45019B}.Debug|x86.Deploy.0 = Debug|x86
		{2DAD30DD-72B7-4CA3-B17C-6BED8A45019B}.Release|Any CPU.ActiveCfg = Release|Any CPU
		{2DAD30DD-72B7-4CA3-B17C-6BED8A45019B}.Release|Any CPU.Build.0 = Release|Any CPU
		{2DAD30DD-72B7-4CA3-B17C-6BED8A45019B}.Release|Any CPU.Deploy.0 = Release|Any CPU
		{2DAD30DD-72B7-4CA3-B17C-6BED8A45019B}.Release|ARM.ActiveCfg = Release|ARM
		{2DAD30DD-72B7-4CA3-B17C-6BED8A45019B}.Release|ARM.Build.0 = Release|ARM
		{2DAD30DD-72B7-4CA3-B17C-6BED8A45019B}.Release|ARM.Deploy.0 = Release|ARM
		{2DAD30DD-72B7-4CA3-B17C-6BED8A45019B}.Release|x64.ActiveCfg = Release|x64
		{2DAD30DD-72B7-4CA3-B17C-6BED8A45019B}.Release|x64.Build.0 = Release|x64
		{2DAD30DD-72B7-4CA3-B17C-6BED8A45019B}.Release|x64.Deploy.0 = Release|x64
		{2DAD30DD-72B7-4CA3-B17C-6BED8A45019B}.Release|x86.ActiveCfg = Release|x86
		{2DAD30DD-72B7-4CA3-B17C-6BED8A45019B}.Release|x86.Build.0 = Release|x86
		{2DAD30DD-72B7-4CA3-B17C-6BED8A45019B}.Release|x86.Deploy.0 = Release|x86
		{B62779D0-352F-4380-BE9D-BE016A3917FA}.Debug|Any CPU.ActiveCfg = Debug|Any CPU
		{B62779D0-352F-4380-BE9D-BE016A3917FA}.Debug|Any CPU.Build.0 = Debug|Any CPU
		{B62779D0-352F-4380-BE9D-BE016A3917FA}.Debug|Any CPU.Deploy.0 = Debug|Any CPU
		{B62779D0-352F-4380-BE9D-BE016A3917FA}.Debug|ARM.ActiveCfg = Debug|ARM
		{B62779D0-352F-4380-BE9D-BE016A3917FA}.Debug|ARM.Build.0 = Debug|ARM
		{B62779D0-352F-4380-BE9D-BE016A3917FA}.Debug|ARM.Deploy.0 = Debug|ARM
		{B62779D0-352F-4380-BE9D-BE016A3917FA}.Debug|x64.ActiveCfg = Debug|Any CPU
		{B62779D0-352F-4380-BE9D-BE016A3917FA}.Debug|x86.ActiveCfg = Debug|x86
		{B62779D0-352F-4380-BE9D-BE016A3917FA}.Debug|x86.Build.0 = Debug|x86
		{B62779D0-352F-4380-BE9D-BE016A3917FA}.Debug|x86.Deploy.0 = Debug|x86
		{B62779D0-352F-4380-BE9D-BE016A3917FA}.Release|Any CPU.ActiveCfg = Release|Any CPU
		{B62779D0-352F-4380-BE9D-BE016A3917FA}.Release|Any CPU.Build.0 = Release|Any CPU
		{B62779D0-352F-4380-BE9D-BE016A3917FA}.Release|Any CPU.Deploy.0 = Release|Any CPU
		{B62779D0-352F-4380-BE9D-BE016A3917FA}.Release|ARM.ActiveCfg = Release|ARM
		{B62779D0-352F-4380-BE9D-BE016A3917FA}.Release|ARM.Build.0 = Release|ARM
		{B62779D0-352F-4380-BE9D-BE016A3917FA}.Release|ARM.Deploy.0 = Release|ARM
		{B62779D0-352F-4380-BE9D-BE016A3917FA}.Release|x64.ActiveCfg = Release|Any CPU
		{B62779D0-352F-4380-BE9D-BE016A3917FA}.Release|x86.ActiveCfg = Release|x86
		{B62779D0-352F-4380-BE9D-BE016A3917FA}.Release|x86.Build.0 = Release|x86
		{B62779D0-352F-4380-BE9D-BE016A3917FA}.Release|x86.Deploy.0 = Release|x86
	EndGlobalSection
	GlobalSection(SolutionProperties) = preSolution
		HideSolutionNode = FALSE
	EndGlobalSection
	GlobalSection(NestedProjects) = preSolution
		{1BC2D92B-3D61-41A6-8685-AFDC8D15CEC1} = {F531A4B9-69C9-49AB-A5D1-854799413742}
		{2DAD30DD-72B7-4CA3-B17C-6BED8A45019B} = {F531A4B9-69C9-49AB-A5D1-854799413742}
		{B62779D0-352F-4380-BE9D-BE016A3917FA} = {F531A4B9-69C9-49AB-A5D1-854799413742}
	EndGlobalSection
EndGlobal
