
Microsoft Visual Studio Solution File, Format Version 12.00
# Visual Studio 14
VisualStudioVersion = 14.0.25420.1
MinimumVisualStudioVersion = 10.0.40219.1
Project("{2150E333-8FDC-42A3-9474-1A3956D46DE8}") = "Module 4 Lab4", "Module 4 Lab4", "{823F5501-B03A-4959-AE66-EC613AB34F0A}"
EndProject
Project("{D954291E-2A0B-460D-934E-DC6B0785DB48}") = "App1.Shared", "App1\App1.Shared\App1.Shared.shproj", "{13EB0DEC-42AA-4662-951E-1EDD78663F04}"
EndProject
Project("{FAE04EC0-301F-11D3-BF4B-00C04F79EFBC}") = "App1.Windows", "App1\App1.Windows\App1.Windows.csproj", "{242BB784-45B5-4F5A-8063-58462CB6092C}"
EndProject
Project("{FAE04EC0-301F-11D3-BF4B-00C04F79EFBC}") = "App1.WindowsPhone", "App1\App1.WindowsPhone\App1.WindowsPhone.csproj", "{339B33C7-7539-454E-94F7-12B64D7EC553}"
EndProject
Global
	GlobalSection(SharedMSBuildProjectFiles) = preSolution
		App1\App1.Shared\App1.Shared.projitems*{13eb0dec-42aa-4662-951e-1edd78663f04}*SharedItemsImports = 13
		App1\App1.Shared\App1.Shared.projitems*{242bb784-45b5-4f5a-8063-58462cb6092c}*SharedItemsImports = 4
		App1\App1.Shared\App1.Shared.projitems*{339b33c7-7539-454e-94f7-12b64d7ec553}*SharedItemsImports = 4
	EndGlobalSection
	GlobalSection(SolutionConfigurationPlatforms) = preSolution
		Debug|Any CPU = Debug|Any CPU
		Debug|ARM = Debug|ARM
		Debug|x64 = Debug|x64
		Debug|x86 = Debug|x86
		Release|Any CPU = Release|Any CPU
		Release|ARM = Release|ARM
		Release|x64 = Release|x64
		Release|x86 = Release|x86
	EndGlobalSection
	GlobalSection(ProjectConfigurationPlatforms) = postSolution
		{242BB784-45B5-4F5A-8063-58462CB6092C}.Debug|Any CPU.ActiveCfg = Debug|Any CPU
		{242BB784-45B5-4F5A-8063-58462CB6092C}.Debug|Any CPU.Build.0 = Debug|Any CPU
		{242BB784-45B5-4F5A-8063-58462CB6092C}.Debug|Any CPU.Deploy.0 = Debug|Any CPU
		{242BB784-45B5-4F5A-8063-58462CB6092C}.Debug|ARM.ActiveCfg = Debug|ARM
		{242BB784-45B5-4F5A-8063-58462CB6092C}.Debug|ARM.Build.0 = Debug|ARM
		{242BB784-45B5-4F5A-8063-58462CB6092C}.Debug|ARM.Deploy.0 = Debug|ARM
		{242BB784-45B5-4F5A-8063-58462CB6092C}.Debug|x64.ActiveCfg = Debug|x64
		{242BB784-45B5-4F5A-8063-58462CB6092C}.Debug|x64.Build.0 = Debug|x64
		{242BB784-45B5-4F5A-8063-58462CB6092C}.Debug|x64.Deploy.0 = Debug|x64
		{242BB784-45B5-4F5A-8063-58462CB6092C}.Debug|x86.ActiveCfg = Debug|x86
		{242BB784-45B5-4F5A-8063-58462CB6092C}.Debug|x86.Build.0 = Debug|x86
		{242BB784-45B5-4F5A-8063-58462CB6092C}.Debug|x86.Deploy.0 = Debug|x86
		{242BB784-45B5-4F5A-8063-58462CB6092C}.Release|Any CPU.ActiveCfg = Release|Any CPU
		{242BB784-45B5-4F5A-8063-58462CB6092C}.Release|Any CPU.Build.0 = Release|Any CPU
		{242BB784-45B5-4F5A-8063-58462CB6092C}.Release|Any CPU.Deploy.0 = Release|Any CPU
		{242BB784-45B5-4F5A-8063-58462CB6092C}.Release|ARM.ActiveCfg = Release|ARM
		{242BB784-45B5-4F5A-8063-58462CB6092C}.Release|ARM.Build.0 = Release|ARM
		{242BB784-45B5-4F5A-8063-58462CB6092C}.Release|ARM.Deploy.0 = Release|ARM
		{242BB784-45B5-4F5A-8063-58462CB6092C}.Release|x64.ActiveCfg = Release|x64
		{242BB784-45B5-4F5A-8063-58462CB6092C}.Release|x64.Build.0 = Release|x64
		{242BB784-45B5-4F5A-8063-58462CB6092C}.Release|x64.Deploy.0 = Release|x64
		{242BB784-45B5-4F5A-8063-58462CB6092C}.Release|x86.ActiveCfg = Release|x86
		{242BB784-45B5-4F5A-8063-58462CB6092C}.Release|x86.Build.0 = Release|x86
		{242BB784-45B5-4F5A-8063-58462CB6092C}.Release|x86.Deploy.0 = Release|x86
		{339B33C7-7539-454E-94F7-12B64D7EC553}.Debug|Any CPU.ActiveCfg = Debug|Any CPU
		{339B33C7-7539-454E-94F7-12B64D7EC553}.Debug|Any CPU.Build.0 = Debug|Any CPU
		{339B33C7-7539-454E-94F7-12B64D7EC553}.Debug|Any CPU.Deploy.0 = Debug|Any CPU
		{339B33C7-7539-454E-94F7-12B64D7EC553}.Debug|ARM.ActiveCfg = Debug|ARM
		{339B33C7-7539-454E-94F7-12B64D7EC553}.Debug|ARM.Build.0 = Debug|ARM
		{339B33C7-7539-454E-94F7-12B64D7EC553}.Debug|ARM.Deploy.0 = Debug|ARM
		{339B33C7-7539-454E-94F7-12B64D7EC553}.Debug|x64.ActiveCfg = Debug|Any CPU
		{339B33C7-7539-454E-94F7-12B64D7EC553}.Debug|x64.Build.0 = Debug|Any CPU
		{339B33C7-7539-454E-94F7-12B64D7EC553}.Debug|x64.Deploy.0 = Debug|Any CPU
		{339B33C7-7539-454E-94F7-12B64D7EC553}.Debug|x86.ActiveCfg = Debug|x86
		{339B33C7-7539-454E-94F7-12B64D7EC553}.Debug|x86.Build.0 = Debug|x86
		{339B33C7-7539-454E-94F7-12B64D7EC553}.Debug|x86.Deploy.0 = Debug|x86
		{339B33C7-7539-454E-94F7-12B64D7EC553}.Release|Any CPU.ActiveCfg = Release|Any CPU
		{339B33C7-7539-454E-94F7-12B64D7EC553}.Release|Any CPU.Build.0 = Release|Any CPU
		{339B33C7-7539-454E-94F7-12B64D7EC553}.Release|Any CPU.Deploy.0 = Release|Any CPU
		{339B33C7-7539-454E-94F7-12B64D7EC553}.Release|ARM.ActiveCfg = Release|ARM
		{339B33C7-7539-454E-94F7-12B64D7EC553}.Release|ARM.Build.0 = Release|ARM
		{339B33C7-7539-454E-94F7-12B64D7EC553}.Release|ARM.Deploy.0 = Release|ARM
		{339B33C7-7539-454E-94F7-12B64D7EC553}.Release|x64.ActiveCfg = Release|Any CPU
		{339B33C7-7539-454E-94F7-12B64D7EC553}.Release|x64.Build.0 = Release|Any CPU
		{339B33C7-7539-454E-94F7-12B64D7EC553}.Release|x64.Deploy.0 = Release|Any CPU
		{339B33C7-7539-454E-94F7-12B64D7EC553}.Release|x86.ActiveCfg = Release|x86
		{339B33C7-7539-454E-94F7-12B64D7EC553}.Release|x86.Build.0 = Release|x86
		{339B33C7-7539-454E-94F7-12B64D7EC553}.Release|x86.Deploy.0 = Release|x86
	EndGlobalSection
	GlobalSection(SolutionProperties) = preSolution
		HideSolutionNode = FALSE
	EndGlobalSection
	GlobalSection(NestedProjects) = preSolution
		{13EB0DEC-42AA-4662-951E-1EDD78663F04} = {823F5501-B03A-4959-AE66-EC613AB34F0A}
		{242BB784-45B5-4F5A-8063-58462CB6092C} = {823F5501-B03A-4959-AE66-EC613AB34F0A}
		{339B33C7-7539-454E-94F7-12B64D7EC553} = {823F5501-B03A-4959-AE66-EC613AB34F0A}
	EndGlobalSection
EndGlobal
