
Microsoft Visual Studio Solution File, Format Version 12.00
# Visual Studio Express 2013 for Windows
VisualStudioVersion = 12.0.30501.0
MinimumVisualStudioVersion = 10.0.40219.1
Project("{2150E333-8FDC-42A3-9474-1A3956D46DE8}") = "SlideShow", "SlideShow", "{B1F66CE3-F611-448E-BCE4-CDA503B53EA0}"
EndProject
Project("{D954291E-2A0B-460D-934E-DC6B0785DB48}") = "SlideShow.Shared", "SlideShow\SlideShow.Shared\SlideShow.Shared.shproj", "{BA7BE78F-4278-40A1-968D-08C8B483772B}"
EndProject
Project("{FAE04EC0-301F-11D3-BF4B-00C04F79EFBC}") = "SlideShow.Windows", "SlideShow\SlideShow.Windows\SlideShow.Windows.csproj", "{1888BD8E-3508-4CE6-A8AB-A2C67966E7DB}"
EndProject
Project("{FAE04EC0-301F-11D3-BF4B-00C04F79EFBC}") = "SlideShow.WindowsPhone", "SlideShow\SlideShow.WindowsPhone\SlideShow.WindowsPhone.csproj", "{86683A60-7970-447A-B519-C8D14A729B2A}"
EndProject
Global
	GlobalSection(SharedMSBuildProjectFiles) = preSolution
		SlideShow\SlideShow.Shared\SlideShow.Shared.projitems*{1888bd8e-3508-4ce6-a8ab-a2c67966e7db}*SharedItemsImports = 4
		SlideShow\SlideShow.Shared\SlideShow.Shared.projitems*{ba7be78f-4278-40a1-968d-08c8b483772b}*SharedItemsImports = 13
		SlideShow\SlideShow.Shared\SlideShow.Shared.projitems*{86683a60-7970-447a-b519-c8d14a729b2a}*SharedItemsImports = 4
	EndGlobalSection
	GlobalSection(SolutionConfigurationPlatforms) = preSolution
		Debug|Any CPU = Debug|Any CPU
		Debug|ARM = Debug|ARM
		Debug|x64 = Debug|x64
		Debug|x86 = Debug|x86
		Release|Any CPU = Release|Any CPU
		Release|ARM = Release|ARM
		Release|x64 = Release|x64
		Release|x86 = Release|x86
	EndGlobalSection
	GlobalSection(ProjectConfigurationPlatforms) = postSolution
		{1888BD8E-3508-4CE6-A8AB-A2C67966E7DB}.Debug|Any CPU.ActiveCfg = Debug|Any CPU
		{1888BD8E-3508-4CE6-A8AB-A2C67966E7DB}.Debug|Any CPU.Build.0 = Debug|Any CPU
		{1888BD8E-3508-4CE6-A8AB-A2C67966E7DB}.Debug|Any CPU.Deploy.0 = Debug|Any CPU
		{1888BD8E-3508-4CE6-A8AB-A2C67966E7DB}.Debug|ARM.ActiveCfg = Debug|ARM
		{1888BD8E-3508-4CE6-A8AB-A2C67966E7DB}.Debug|ARM.Build.0 = Debug|ARM
		{1888BD8E-3508-4CE6-A8AB-A2C67966E7DB}.Debug|ARM.Deploy.0 = Debug|ARM
		{1888BD8E-3508-4CE6-A8AB-A2C67966E7DB}.Debug|x64.ActiveCfg = Debug|x64
		{1888BD8E-3508-4CE6-A8AB-A2C67966E7DB}.Debug|x64.Build.0 = Debug|x64
		{1888BD8E-3508-4CE6-A8AB-A2C67966E7DB}.Debug|x64.Deploy.0 = Debug|x64
		{1888BD8E-3508-4CE6-A8AB-A2C67966E7DB}.Debug|x86.ActiveCfg = Debug|x86
		{1888BD8E-3508-4CE6-A8AB-A2C67966E7DB}.Debug|x86.Build.0 = Debug|x86
		{1888BD8E-3508-4CE6-A8AB-A2C67966E7DB}.Debug|x86.Deploy.0 = Debug|x86
		{1888BD8E-3508-4CE6-A8AB-A2C67966E7DB}.Release|Any CPU.ActiveCfg = Release|Any CPU
		{1888BD8E-3508-4CE6-A8AB-A2C67966E7DB}.Release|Any CPU.Build.0 = Release|Any CPU
		{1888BD8E-3508-4CE6-A8AB-A2C67966E7DB}.Release|Any CPU.Deploy.0 = Release|Any CPU
		{1888BD8E-3508-4CE6-A8AB-A2C67966E7DB}.Release|ARM.ActiveCfg = Release|ARM
		{1888BD8E-3508-4CE6-A8AB-A2C67966E7DB}.Release|ARM.Build.0 = Release|ARM
		{1888BD8E-3508-4CE6-A8AB-A2C67966E7DB}.Release|ARM.Deploy.0 = Release|ARM
		{1888BD8E-3508-4CE6-A8AB-A2C67966E7DB}.Release|x64.ActiveCfg = Release|x64
		{1888BD8E-3508-4CE6-A8AB-A2C67966E7DB}.Release|x64.Build.0 = Release|x64
		{1888BD8E-3508-4CE6-A8AB-A2C67966E7DB}.Release|x64.Deploy.0 = Release|x64
		{1888BD8E-3508-4CE6-A8AB-A2C67966E7DB}.Release|x86.ActiveCfg = Release|x86
		{1888BD8E-3508-4CE6-A8AB-A2C67966E7DB}.Release|x86.Build.0 = Release|x86
		{1888BD8E-3508-4CE6-A8AB-A2C67966E7DB}.Release|x86.Deploy.0 = Release|x86
		{86683A60-7970-447A-B519-C8D14A729B2A}.Debug|Any CPU.ActiveCfg = Debug|Any CPU
		{86683A60-7970-447A-B519-C8D14A729B2A}.Debug|Any CPU.Build.0 = Debug|Any CPU
		{86683A60-7970-447A-B519-C8D14A729B2A}.Debug|Any CPU.Deploy.0 = Debug|Any CPU
		{86683A60-7970-447A-B519-C8D14A729B2A}.Debug|ARM.ActiveCfg = Debug|ARM
		{86683A60-7970-447A-B519-C8D14A729B2A}.Debug|ARM.Build.0 = Debug|ARM
		{86683A60-7970-447A-B519-C8D14A729B2A}.Debug|ARM.Deploy.0 = Debug|ARM
		{86683A60-7970-447A-B519-C8D14A729B2A}.Debug|x64.ActiveCfg = Debug|Any CPU
		{86683A60-7970-447A-B519-C8D14A729B2A}.Debug|x86.ActiveCfg = Debug|x86
		{86683A60-7970-447A-B519-C8D14A729B2A}.Debug|x86.Build.0 = Debug|x86
		{86683A60-7970-447A-B519-C8D14A729B2A}.Debug|x86.Deploy.0 = Debug|x86
		{86683A60-7970-447A-B519-C8D14A729B2A}.Release|Any CPU.ActiveCfg = Release|Any CPU
		{86683A60-7970-447A-B519-C8D14A729B2A}.Release|Any CPU.Build.0 = Release|Any CPU
		{86683A60-7970-447A-B519-C8D14A729B2A}.Release|Any CPU.Deploy.0 = Release|Any CPU
		{86683A60-7970-447A-B519-C8D14A729B2A}.Release|ARM.ActiveCfg = Release|ARM
		{86683A60-7970-447A-B519-C8D14A729B2A}.Release|ARM.Build.0 = Release|ARM
		{86683A60-7970-447A-B519-C8D14A729B2A}.Release|ARM.Deploy.0 = Release|ARM
		{86683A60-7970-447A-B519-C8D14A729B2A}.Release|x64.ActiveCfg = Release|Any CPU
		{86683A60-7970-447A-B519-C8D14A729B2A}.Release|x86.ActiveCfg = Release|x86
		{86683A60-7970-447A-B519-C8D14A729B2A}.Release|x86.Build.0 = Release|x86
		{86683A60-7970-447A-B519-C8D14A729B2A}.Release|x86.Deploy.0 = Release|x86
	EndGlobalSection
	GlobalSection(SolutionProperties) = preSolution
		HideSolutionNode = FALSE
	EndGlobalSection
	GlobalSection(NestedProjects) = preSolution
		{BA7BE78F-4278-40A1-968D-08C8B483772B} = {B1F66CE3-F611-448E-BCE4-CDA503B53EA0}
		{1888BD8E-3508-4CE6-A8AB-A2C67966E7DB} = {B1F66CE3-F611-448E-BCE4-CDA503B53EA0}
		{86683A60-7970-447A-B519-C8D14A729B2A} = {B1F66CE3-F611-448E-BCE4-CDA503B53EA0}
	EndGlobalSection
EndGlobal
